
Microsoft Visual Studio Solution File, Format Version 12.00
# Visual Studio Version 16
VisualStudioVersion = 16.0.30711.63
MinimumVisualStudioVersion = 10.0.40219.1
Project("{FAE04EC0-301F-11D3-BF4B-00C04F79EFBC}") = "Dapper_Demo", "Dapper_Demo\Dapper_Demo.csproj", "{5A416CED-DAD2-4CDD-9024-69E0F2691DB6}"
EndProject
Global
	GlobalSection(SolutionConfigurationPlatforms) = preSolution
		Debug|Any CPU = Debug|Any CPU
		Release|Any CPU = Release|Any CPU
	EndGlobalSection
	GlobalSection(ProjectConfigurationPlatforms) = postSolution
		{5A416CED-DAD2-4CDD-9024-69E0F2691DB6}.Debug|Any CPU.ActiveCfg = Debug|Any CPU
		{5A416CED-DAD2-4CDD-9024-69E0F2691DB6}.Debug|Any CPU.Build.0 = Debug|Any CPU
		{5A416CED-DAD2-4CDD-9024-69E0F2691DB6}.Release|Any CPU.ActiveCfg = Release|Any CPU
		{5A416CED-DAD2-4CDD-9024-69E0F2691DB6}.Release|Any CPU.Build.0 = Release|Any CPU
	EndGlobalSection
	GlobalSection(SolutionProperties) = preSolution
		HideSolutionNode = FALSE
	EndGlobalSection
	GlobalSection(ExtensibilityGlobals) = postSolution
		SolutionGuid = {1F9791A9-5A5F-4838-878D-8060BF289D49}
	EndGlobalSection
EndGlobal
